{
  "name": "skooh",
  "version": "0.1.4",
  "lockfileVersion": 2,
  "requires": true,
  "packages": {
    "": {
      "name": "skooh",
      "version": "0.1.4",
      "license": "GPL-3.0-or-later",
      "bin": {
        "skooh": "skooh.js"
      },
      "devDependencies": {
        "skooh": "^0.1.4"
      }
    },
    "node_modules/skooh": {
      "version": "0.1.4",
      "resolved": "https://registry.npmjs.org/skooh/-/skooh-0.1.4.tgz",
      "integrity": "sha512-j4nFHMwXOtjIkv417r+NVfEORaNZ5XivnjZLwRF2lIgURYn7dP6YN6cIiPtMwxAQJsfeoREXRS2uMtuX/NniSA==",
      "dev": true,
      "bin": {
        "skooh": "skooh.js"
      }
    }
  },
  "dependencies": {
    "skooh": {
      "version": "0.1.4",
      "resolved": "https://registry.npmjs.org/skooh/-/skooh-0.1.4.tgz",
      "integrity": "sha512-j4nFHMwXOtjIkv417r+NVfEORaNZ5XivnjZLwRF2lIgURYn7dP6YN6cIiPtMwxAQJsfeoREXRS2uMtuX/NniSA==",
      "dev": true
    }
  }
}
